
Microsoft Visual Studio Solution File, Format Version 12.00
# Visual Studio Version 17
VisualStudioVersion = 17.0.32112.339
MinimumVisualStudioVersion = 10.0.40219.1
Project("{8BC9CEB8-8B4A-11D0-8D11-00A0C91BC942}") = "August++", "August++.vcxproj", "{AC1BF93D-A3A5-408A-890B-17BF8AD1CEA9}"
EndProject
Global
	GlobalSection(SolutionConfigurationPlatforms) = preSolution
		Debug|x64 = Debug|x64
		Debug|x86 = Debug|x86
		LLVM Debug|x64 = LLVM Debug|x64
		LLVM Debug|x86 = LLVM Debug|x86
		LLVM Release|x64 = LLVM Release|x64
		LLVM Release|x86 = LLVM Release|x86
		Release|x64 = Release|x64
		Release|x86 = Release|x86
	EndGlobalSection
	GlobalSection(ProjectConfigurationPlatforms) = postSolution
		{AC1BF93D-A3A5-408A-890B-17BF8AD1CEA9}.Debug|x64.ActiveCfg = Debug|x64
		{AC1BF93D-A3A5-408A-890B-17BF8AD1CEA9}.Debug|x64.Build.0 = Debug|x64
		{AC1BF93D-A3A5-408A-890B-17BF8AD1CEA9}.Debug|x86.ActiveCfg = Debug|Win32
		{AC1BF93D-A3A5-408A-890B-17BF8AD1CEA9}.Debug|x86.Build.0 = Debug|Win32
		{AC1BF93D-A3A5-408A-890B-17BF8AD1CEA9}.LLVM Debug|x64.ActiveCfg = LLVM Debug|x64
		{AC1BF93D-A3A5-408A-890B-17BF8AD1CEA9}.LLVM Debug|x64.Build.0 = LLVM Debug|x64
		{AC1BF93D-A3A5-408A-890B-17BF8AD1CEA9}.LLVM Debug|x86.ActiveCfg = LLVM Debug|Win32
		{AC1BF93D-A3A5-408A-890B-17BF8AD1CEA9}.LLVM Debug|x86.Build.0 = LLVM Debug|Win32
		{AC1BF93D-A3A5-408A-890B-17BF8AD1CEA9}.LLVM Release|x64.ActiveCfg = LLVM Release|x64
		{AC1BF93D-A3A5-408A-890B-17BF8AD1CEA9}.LLVM Release|x64.Build.0 = LLVM Release|x64
		{AC1BF93D-A3A5-408A-890B-17BF8AD1CEA9}.LLVM Release|x86.ActiveCfg = LLVM Release|Win32
		{AC1BF93D-A3A5-408A-890B-17BF8AD1CEA9}.LLVM Release|x86.Build.0 = LLVM Release|Win32
		{AC1BF93D-A3A5-408A-890B-17BF8AD1CEA9}.Release|x64.ActiveCfg = Release|x64
		{AC1BF93D-A3A5-408A-890B-17BF8AD1CEA9}.Release|x64.Build.0 = Release|x64
		{AC1BF93D-A3A5-408A-890B-17BF8AD1CEA9}.Release|x86.ActiveCfg = Release|Win32
		{AC1BF93D-A3A5-408A-890B-17BF8AD1CEA9}.Release|x86.Build.0 = Release|Win32
	EndGlobalSection
	GlobalSection(SolutionProperties) = preSolution
		HideSolutionNode = FALSE
	EndGlobalSection
	GlobalSection(ExtensibilityGlobals) = postSolution
		SolutionGuid = {CD893388-1AB0-4677-9008-C28AF89B1422}
	EndGlobalSection
EndGlobal
